
Microsoft Visual Studio Solution File, Format Version 12.00
# Visual Studio Version 17
VisualStudioVersion = 17.6.33815.320
MinimumVisualStudioVersion = 10.0.40219.1
Project("{9A19103F-16F7-4668-BE54-9A1E7A4F7556}") = "DynamicArray", "DynamicArray\DynamicArray.csproj", "{1048B524-FE5F-46FB-A8AF-FB73BA6767CC}"
EndProject
Project("{9A19103F-16F7-4668-BE54-9A1E7A4F7556}") = "AlgorithmicToolbox", "LearningDS&A\AlgorithmicToolbox.csproj", "{0EED7D93-72ED-4EFB-9556-58876494BC46}"
EndProject
Global
	GlobalSection(SolutionConfigurationPlatforms) = preSolution
		Debug|Any CPU = Debug|Any CPU
		Release|Any CPU = Release|Any CPU
	EndGlobalSection
	GlobalSection(ProjectConfigurationPlatforms) = postSolution
		{1048B524-FE5F-46FB-A8AF-FB73BA6767CC}.Debug|Any CPU.ActiveCfg = Debug|Any CPU
		{1048B524-FE5F-46FB-A8AF-FB73BA6767CC}.Debug|Any CPU.Build.0 = Debug|Any CPU
		{1048B524-FE5F-46FB-A8AF-FB73BA6767CC}.Release|Any CPU.ActiveCfg = Release|Any CPU
		{1048B524-FE5F-46FB-A8AF-FB73BA6767CC}.Release|Any CPU.Build.0 = Release|Any CPU
		{0EED7D93-72ED-4EFB-9556-58876494BC46}.Debug|Any CPU.ActiveCfg = Debug|Any CPU
		{0EED7D93-72ED-4EFB-9556-58876494BC46}.Debug|Any CPU.Build.0 = Debug|Any CPU
		{0EED7D93-72ED-4EFB-9556-58876494BC46}.Release|Any CPU.ActiveCfg = Release|Any CPU
		{0EED7D93-72ED-4EFB-9556-58876494BC46}.Release|Any CPU.Build.0 = Release|Any CPU
	EndGlobalSection
	GlobalSection(SolutionProperties) = preSolution
		HideSolutionNode = FALSE
	EndGlobalSection
	GlobalSection(ExtensibilityGlobals) = postSolution
		SolutionGuid = {E3F724D7-4D26-46D9-A0F3-0695B379BABC}
	EndGlobalSection
EndGlobal
